
Microsoft Visual Studio Solution File, Format Version 12.00
# Visual Studio Version 17
VisualStudioVersion = 17.10.35013.160
MinimumVisualStudioVersion = 10.0.40219.1
Project("{9A19103F-16F7-4668-BE54-9A1E7A4F7556}") = "SampleKeyVault", "SampleKeyVault.csproj", "{815D5E5E-B788-4BC7-8C2B-ED36BCD5F45A}"
EndProject
Global
	GlobalSection(SolutionConfigurationPlatforms) = preSolution
		Debug|Any CPU = Debug|Any CPU
		Release|Any CPU = Release|Any CPU
	EndGlobalSection
	GlobalSection(ProjectConfigurationPlatforms) = postSolution
		{815D5E5E-B788-4BC7-8C2B-ED36BCD5F45A}.Debug|Any CPU.ActiveCfg = Debug|Any CPU
		{815D5E5E-B788-4BC7-8C2B-ED36BCD5F45A}.Debug|Any CPU.Build.0 = Debug|Any CPU
		{815D5E5E-B788-4BC7-8C2B-ED36BCD5F45A}.Release|Any CPU.ActiveCfg = Release|Any CPU
		{815D5E5E-B788-4BC7-8C2B-ED36BCD5F45A}.Release|Any CPU.Build.0 = Release|Any CPU
	EndGlobalSection
	GlobalSection(SolutionProperties) = preSolution
		HideSolutionNode = FALSE
	EndGlobalSection
	GlobalSection(ExtensibilityGlobals) = postSolution
		SolutionGuid = {785A2960-A0CB-4D96-83AD-C95AE278F81B}
	EndGlobalSection
EndGlobal
